<?xml version="1.0" encoding="utf-8"?>
<Project ToolsVersion="4.0" xmlns="http://schemas.microsoft.com/developer/msbuild/2003">
  <ItemGroup>
    <ClCompile Include="AdminABM.cpp" />
    <ClCompile Include="AdminCompra.cpp" />
    <ClCompile Include="AdminConfig.cpp" />
    <ClCompile Include="AdminLogin.cpp" />
    <ClCompile Include="AdminUsuario.cpp" />
    <ClCompile Include="AdminVenta.cpp" />
    <ClCompile Include="Caja.cpp" />
    <ClCompile Include="Categoria.cpp" />
    <ClCompile Include="Cliente.cpp" />
    <ClCompile Include="Compra.cpp" />
    <ClCompile Include="ErrorDto.cpp" />
    <ClCompile Include="Fecha.cpp" />
    <ClCompile Include="FechaHorario.cpp" />
    <ClCompile Include="Helper.cpp" />
    <ClCompile Include="Horario.cpp" />
    <ClCompile Include="InterfazUI.cpp" />
    <ClCompile Include="Persona.cpp" />
    <ClCompile Include="Producto.cpp" />
    <ClCompile Include="AdminReporte.cpp" />
    <ClCompile Include="Proveedor.cpp" />
    <ClCompile Include="Sistema.cpp" />
    <ClCompile Include="sistema_gestion_herrajes.cpp" />
    <ClCompile Include="Stock.cpp" />
    <ClCompile Include="test.cpp" />
    <ClCompile Include="Transaccion.cpp" />
    <ClCompile Include="Usuario.cpp" />
    <ClCompile Include="Venta.cpp" />
  </ItemGroup>
  <ItemGroup>
    <ClInclude Include="AdminABM.h" />
    <ClInclude Include="AdminCompra.h" />
    <ClInclude Include="AdminConfig.h" />
    <ClInclude Include="AdminLogin.h" />
    <ClInclude Include="AdminUsuario.h" />
    <ClInclude Include="AdminVenta.h" />
    <ClInclude Include="Archivo.h" />
    <ClInclude Include="Backup.h" />
    <ClInclude Include="Caja.h" />
    <ClInclude Include="Categoria.h" />
    <ClInclude Include="Cliente.h" />
    <ClInclude Include="Compra.h" />
    <ClInclude Include="ErrorDto.h" />
    <ClInclude Include="Fecha.h" />
    <ClInclude Include="FechaHorario.h" />
    <ClInclude Include="Helper.h" />
    <ClInclude Include="Horario.h" />
    <ClInclude Include="InterfazUI.h" />
    <ClInclude Include="Persona.h" />
    <ClInclude Include="Producto.h" />
    <ClInclude Include="AdminReporte.h" />
    <ClInclude Include="Proveedor.h" />
    <ClInclude Include="Reporte.h" />
    <ClInclude Include="ResponseDto.h" />
    <ClInclude Include="Sistema.h" />
    <ClInclude Include="Stock.h" />
    <ClInclude Include="Transaccion.h" />
    <ClInclude Include="Usuario.h" />
    <ClInclude Include="Venta.h" />
  </ItemGroup>
</Project>