<?xml version="1.0" encoding="utf-8"?>
<Project ToolsVersion="4.0" xmlns="http://schemas.microsoft.com/developer/msbuild/2003">
  <ItemGroup>
    <Filter Include="Archivos de origen">
      <UniqueIdentifier>{4FC737F1-C7A5-4376-A066-2A32D752A2FF}</UniqueIdentifier>
      <Extensions>cpp;c;cc;cxx;c++;cppm;ixx;def;odl;idl;hpj;bat;asm;asmx</Extensions>
    </Filter>
    <Filter Include="Archivos de encabezado">
      <UniqueIdentifier>{93995380-89BD-4b04-88EB-625FBE52EBFB}</UniqueIdentifier>
      <Extensions>h;hh;hpp;hxx;h++;hm;inl;inc;ipp;xsd</Extensions>
    </Filter>
    <Filter Include="Archivos de recursos">
      <UniqueIdentifier>{67DA6AB6-F800-4c08-8B7A-83BB121AAD01}</UniqueIdentifier>
      <Extensions>rc;ico;cur;bmp;dlg;rc2;rct;bin;rgs;gif;jpg;jpeg;jpe;resx;tiff;tif;png;wav;mfcribbon-ms</Extensions>
    </Filter>
    <Filter Include="Archivos de encabezado\Fecha">
      <UniqueIdentifier>{f1d30fe3-41f7-47fe-9c41-82ccf22a0a66}</UniqueIdentifier>
    </Filter>
    <Filter Include="Archivos de encabezado\Sistema">
      <UniqueIdentifier>{9eb47e72-d16c-4fb4-b748-e313d3ab393b}</UniqueIdentifier>
    </Filter>
    <Filter Include="Archivos de origen\Fecha">
      <UniqueIdentifier>{2dfca40c-bab0-4785-9f30-b9976ee930ce}</UniqueIdentifier>
    </Filter>
    <Filter Include="Archivos de origen\Sistema">
      <UniqueIdentifier>{d640bc47-b6dd-4a88-aa7a-e4add368754c}</UniqueIdentifier>
    </Filter>
  </ItemGroup>
  <ItemGroup>
    <ClCompile Include="sistema_gestion_herrajes.cpp">
      <Filter>Archivos de origen</Filter>
    </ClCompile>
    <ClCompile Include="Categoria.cpp">
      <Filter>Archivos de origen</Filter>
    </ClCompile>
    <ClCompile Include="Producto.cpp">
      <Filter>Archivos de origen</Filter>
    </ClCompile>
    <ClCompile Include="Fecha.cpp">
      <Filter>Archivos de origen\Fecha</Filter>
    </ClCompile>
    <ClCompile Include="FechaHorario.cpp">
      <Filter>Archivos de origen\Fecha</Filter>
    </ClCompile>
    <ClCompile Include="Horario.cpp">
      <Filter>Archivos de origen\Fecha</Filter>
    </ClCompile>
    <ClCompile Include="Sistema.cpp">
      <Filter>Archivos de origen\Sistema</Filter>
    </ClCompile>
    <ClCompile Include="Archivo.cpp">
      <Filter>Archivos de origen\Sistema</Filter>
    </ClCompile>
    <ClCompile Include="AdminABM.cpp">
      <Filter>Archivos de origen</Filter>
    </ClCompile>
    <ClCompile Include="AdminCompra.cpp">
      <Filter>Archivos de origen</Filter>
    </ClCompile>
    <ClCompile Include="AdminLogin.cpp">
      <Filter>Archivos de origen</Filter>
    </ClCompile>
    <ClCompile Include="AdminVenta.cpp">
      <Filter>Archivos de origen</Filter>
    </ClCompile>
    <ClCompile Include="ErrorDto.cpp">
      <Filter>Archivos de origen</Filter>
    </ClCompile>
    <ClCompile Include="InterfazUI.cpp">
      <Filter>Archivos de origen</Filter>
    </ClCompile>
    <ClCompile Include="AdminReporte.cpp">
      <Filter>Archivos de origen</Filter>
    </ClCompile>
    <ClCompile Include="test.cpp">
      <Filter>Archivos de origen</Filter>
    </ClCompile>
    <ClCompile Include="ArchivoProducto.cpp">
      <Filter>Archivos de origen</Filter>
    </ClCompile>
  </ItemGroup>
  <ItemGroup>
    <ClInclude Include="Categoria.h">
      <Filter>Archivos de encabezado</Filter>
    </ClInclude>
    <ClInclude Include="Producto.h">
      <Filter>Archivos de encabezado</Filter>
    </ClInclude>
    <ClInclude Include="FechaHorario.h">
      <Filter>Archivos de encabezado\Fecha</Filter>
    </ClInclude>
    <ClInclude Include="Fecha.h">
      <Filter>Archivos de encabezado\Fecha</Filter>
    </ClInclude>
    <ClInclude Include="Sistema.h">
      <Filter>Archivos de encabezado\Sistema</Filter>
    </ClInclude>
    <ClInclude Include="Horario.h">
      <Filter>Archivos de encabezado\Fecha</Filter>
    </ClInclude>
    <ClInclude Include="Archivo.h">
      <Filter>Archivos de encabezado\Sistema</Filter>
    </ClInclude>
    <ClInclude Include="AdminABM.h">
      <Filter>Archivos de encabezado</Filter>
    </ClInclude>
    <ClInclude Include="AdminCompra.h">
      <Filter>Archivos de encabezado</Filter>
    </ClInclude>
    <ClInclude Include="AdminLogin.h">
      <Filter>Archivos de encabezado</Filter>
    </ClInclude>
    <ClInclude Include="AdminVenta.h">
      <Filter>Archivos de encabezado</Filter>
    </ClInclude>
    <ClInclude Include="ErrorDto.h">
      <Filter>Archivos de encabezado</Filter>
    </ClInclude>
    <ClInclude Include="InterfazUI.h">
      <Filter>Archivos de encabezado</Filter>
    </ClInclude>
    <ClInclude Include="AdminReporte.h">
      <Filter>Archivos de encabezado</Filter>
    </ClInclude>
    <ClInclude Include="ArchivoProducto.h">
      <Filter>Archivos de encabezado</Filter>
    </ClInclude>
  </ItemGroup>
</Project>